
Microsoft Visual Studio Solution File, Format Version 12.00
# Visual Studio 15
VisualStudioVersion = 15.0.27130.2010
MinimumVisualStudioVersion = 10.0.40219.1
Project("{FAE04EC0-301F-11D3-BF4B-00C04F79EFBC}") = "Home", "NumberConversions\Home.csproj", "{E59308FC-CB94-4E21-9900-AF9C99F3C011}"
EndProject
Project("{FAE04EC0-301F-11D3-BF4B-00C04F79EFBC}") = "RomantoArabic", "RomantoArabic\RomantoArabic.csproj", "{848110E3-C769-45CA-84C9-5FF3AE9A8901}"
EndProject
Project("{FAE04EC0-301F-11D3-BF4B-00C04F79EFBC}") = "ArabictoRoman", "ArabictoRoman\ArabictoRoman.csproj", "{40AFBEEF-F968-46E2-B1B2-BC2EC787553C}"
EndProject
Project("{FAE04EC0-301F-11D3-BF4B-00C04F79EFBC}") = "ArabicToRoman2", "ArabicToRoman2\ArabicToRoman2.csproj", "{70114C6F-A782-4AEF-AAC2-9FE7C5A85B18}"
EndProject
Project("{FAE04EC0-301F-11D3-BF4B-00C04F79EFBC}") = "RomanToArabic2", "RomanToArabic2\RomanToArabic2.csproj", "{8D59E378-81EB-4140-A06F-79EEA419FEDF}"
EndProject
Global
	GlobalSection(SolutionConfigurationPlatforms) = preSolution
		Debug|Any CPU = Debug|Any CPU
		Release|Any CPU = Release|Any CPU
	EndGlobalSection
	GlobalSection(ProjectConfigurationPlatforms) = postSolution
		{E59308FC-CB94-4E21-9900-AF9C99F3C011}.Debug|Any CPU.ActiveCfg = Debug|Any CPU
		{E59308FC-CB94-4E21-9900-AF9C99F3C011}.Debug|Any CPU.Build.0 = Debug|Any CPU
		{E59308FC-CB94-4E21-9900-AF9C99F3C011}.Release|Any CPU.ActiveCfg = Release|Any CPU
		{E59308FC-CB94-4E21-9900-AF9C99F3C011}.Release|Any CPU.Build.0 = Release|Any CPU
		{848110E3-C769-45CA-84C9-5FF3AE9A8901}.Debug|Any CPU.ActiveCfg = Debug|Any CPU
		{848110E3-C769-45CA-84C9-5FF3AE9A8901}.Debug|Any CPU.Build.0 = Debug|Any CPU
		{848110E3-C769-45CA-84C9-5FF3AE9A8901}.Release|Any CPU.ActiveCfg = Release|Any CPU
		{848110E3-C769-45CA-84C9-5FF3AE9A8901}.Release|Any CPU.Build.0 = Release|Any CPU
		{40AFBEEF-F968-46E2-B1B2-BC2EC787553C}.Debug|Any CPU.ActiveCfg = Debug|Any CPU
		{40AFBEEF-F968-46E2-B1B2-BC2EC787553C}.Debug|Any CPU.Build.0 = Debug|Any CPU
		{40AFBEEF-F968-46E2-B1B2-BC2EC787553C}.Release|Any CPU.ActiveCfg = Release|Any CPU
		{40AFBEEF-F968-46E2-B1B2-BC2EC787553C}.Release|Any CPU.Build.0 = Release|Any CPU
		{70114C6F-A782-4AEF-AAC2-9FE7C5A85B18}.Debug|Any CPU.ActiveCfg = Debug|Any CPU
		{70114C6F-A782-4AEF-AAC2-9FE7C5A85B18}.Debug|Any CPU.Build.0 = Debug|Any CPU
		{70114C6F-A782-4AEF-AAC2-9FE7C5A85B18}.Release|Any CPU.ActiveCfg = Release|Any CPU
		{70114C6F-A782-4AEF-AAC2-9FE7C5A85B18}.Release|Any CPU.Build.0 = Release|Any CPU
		{8D59E378-81EB-4140-A06F-79EEA419FEDF}.Debug|Any CPU.ActiveCfg = Debug|Any CPU
		{8D59E378-81EB-4140-A06F-79EEA419FEDF}.Debug|Any CPU.Build.0 = Debug|Any CPU
		{8D59E378-81EB-4140-A06F-79EEA419FEDF}.Release|Any CPU.ActiveCfg = Release|Any CPU
		{8D59E378-81EB-4140-A06F-79EEA419FEDF}.Release|Any CPU.Build.0 = Release|Any CPU
	EndGlobalSection
	GlobalSection(SolutionProperties) = preSolution
		HideSolutionNode = FALSE
	EndGlobalSection
	GlobalSection(ExtensibilityGlobals) = postSolution
		SolutionGuid = {EC9C7627-3B41-4429-94D5-4FECD3EAD57A}
	EndGlobalSection
EndGlobal
